{"version":4,"terraform_version":"1.12.3","serial":1,"lineage":"c0e6dde4-d10f-5416-55b9-b96d3aac3b9b","outputs":{"estimated_monthly_cost":{"value":{"instance":"t4g.medium","note":"t4g.medium ~$27, t4g.small ~$13, plus ~$2.60 disk and ~$3.60 for the elastic IP","when_stopped":"~$6/month — the volume and the address only"},"type":["object",{"instance":"string","note":"string","when_stopped":"string"}]},"public_ip":{"value":"63.32.80.204","type":"string"},"urls":{"value":{"club_admin":"https://itsps.org/orgadmin","keycloak_console":"https://itsps.org/auth/admin/","member_portal":"https://itsps.org/account","metadata":"https://itsps.org/metadata","platform_admin":"https://itsps.org/admin"},"type":["object",{"club_admin":"string","keycloak_console":"string","member_portal":"string","metadata":"string","platform_admin":"string"}]}},"resources":[{"mode":"data","type":"aws_ami","name":"al2023","provider":"provider[\"registry.opentofu.org/hashicorp/aws\"]","instances":[{"schema_version":0,"attributes":{"architecture":"arm64","arn":"arn:aws:ec2:eu-west-1::image/ami-093c8af2887992819","block_device_mappings":[{"device_name":"/dev/xvda","ebs":{"delete_on_termination":"true","encrypted":"false","iops":"3000","snapshot_id":"snap-00e315ba9ccc41368","throughput":"125","volume_initialization_rate":"0","volume_size":"8","volume_type":"gp3"},"no_device":"","virtual_name":""}],"boot_mode":"uefi","creation_date":"2026-08-12T23:49:28.000Z","deprecation_time":"2026-11-10T23:51:00.000Z","description":"Amazon Linux 2023 AMI 2023.12.20260817.0 arm64 HVM kernel-6.18","ena_support":true,"executable_users":null,"filter":[{"name":"name","values":["al2023-ami-2023.*-arm64"]}],"hypervisor":"xen","id":"ami-093c8af2887992819","image_id":"ami-093c8af2887992819","image_location":"amazon/al2023-ami-2023.12.20260817.0-kernel-6.18-arm64","image_owner_alias":"amazon","image_type":"machine","imds_support":"v2.0","include_deprecated":false,"kernel_id":"","last_launched_time":"","most_recent":true,"name":"al2023-ami-2023.12.20260817.0-kernel-6.18-arm64","name_regex":null,"owner_id":"137112412989","owners":["amazon"],"platform":"","platform_details":"Linux/UNIX","product_codes":[],"public":true,"ramdisk_id":"","root_device_name":"/dev/xvda","root_device_type":"ebs","root_snapshot_id":"snap-00e315ba9ccc41368","sriov_net_support":"simple","state":"available","state_reason":{"code":"UNSET","message":"UNSET"},"tags":{},"timeouts":null,"tpm_support":"","uefi_data":null,"usage_operation":"RunInstances","virtualization_type":"hvm"},"sensitive_attributes":[]}]},{"mode":"data","type":"aws_availability_zones","name":"available","provider":"provider[\"registry.opentofu.org/hashicorp/aws\"]","instances":[{"schema_version":0,"attributes":{"all_availability_zones":null,"exclude_names":null,"exclude_zone_ids":null,"filter":null,"group_names":["eu-west-1-zg-1"],"id":"eu-west-1","names":["eu-west-1a","eu-west-1b","eu-west-1c"],"state":"available","timeouts":null,"zone_ids":["euw1-az2","euw1-az1","euw1-az3"]},"sensitive_attributes":[]}]},{"mode":"data","type":"aws_caller_identity","name":"current","provider":"provider[\"registry.opentofu.org/hashicorp/aws\"]","instances":[{"schema_version":0,"attributes":{"account_id":"195810096194","arn":"arn:aws:iam::195810096194:root","id":"195810096194","user_id":"195810096194"},"sensitive_attributes":[]}]},{"mode":"data","type":"aws_eip","name":"existing","provider":"provider[\"registry.opentofu.org/hashicorp/aws\"]","instances":[{"index_key":0,"schema_version":0,"attributes":{"arn":"arn:aws:ec2:eu-west-1:195810096194:elastic-ip/eipalloc-043267937659bb9a3","association_id":"","carrier_ip":"","customer_owned_ip":"","customer_owned_ipv4_pool":"","domain":"vpc","filter":null,"id":"eipalloc-043267937659bb9a3","instance_id":"","ipam_pool_id":null,"network_interface_id":"","network_interface_owner_id":"","private_dns":null,"private_ip":"","ptr_record":"","public_dns":"ec2-63-32-80-204.eu-west-1.compute.amazonaws.com","public_ip":"63.32.80.204","public_ipv4_pool":"amazon","tags":{"Environment":"dev","ManagedBy":"terraform","Name":"itsps.org","Project":"crm","Stack":"simple"},"timeouts":null},"sensitive_attributes":[]}]},{"mode":"managed","type":"aws_iam_instance_profile","name":"instance","provider":"provider[\"registry.opentofu.org/hashicorp/aws\"]","instances":[{"schema_version":0,"attributes":{"arn":"arn:aws:iam::195810096194:instance-profile/holism-testing-instance","create_date":"2026-08-18T06:59:37Z","id":"holism-testing-instance","name":"holism-testing-instance","name_prefix":"","path":"/","role":"holism-testing-instance","tags":null,"tags_all":{"CostCentre":"testing","Environment":"testing","ManagedBy":"opentofu","Project":"holism"},"unique_id":"AIPAS3FZQ6RBPMG6PBSXO"},"sensitive_attributes":[],"private":"bnVsbA==","dependencies":["aws_iam_role.instance"]}]},{"mode":"managed","type":"aws_iam_role","name":"instance","provider":"provider[\"registry.opentofu.org/hashicorp/aws\"]","instances":[{"schema_version":0,"attributes":{"arn":"arn:aws:iam::195810096194:role/holism-testing-instance","assume_role_policy":"{\"Statement\":[{\"Action\":\"sts:AssumeRole\",\"Effect\":\"Allow\",\"Principal\":{\"Service\":\"ec2.amazonaws.com\"}}],\"Version\":\"2012-10-17\"}","create_date":"2026-08-18T06:59:37Z","description":"","force_detach_policies":false,"id":"holism-testing-instance","inline_policy":[],"managed_policy_arns":[],"max_session_duration":3600,"name":"holism-testing-instance","name_prefix":"","path":"/","permissions_boundary":"","tags":null,"tags_all":{"CostCentre":"testing","Environment":"testing","ManagedBy":"opentofu","Project":"holism"},"unique_id":"AROAS3FZQ6RBO7UWAF7HQ"},"sensitive_attributes":[],"private":"bnVsbA=="}]},{"mode":"managed","type":"aws_iam_role_policy","name":"github_token","provider":"provider[\"registry.opentofu.org/hashicorp/aws\"]","instances":[{"index_key":0,"schema_version":0,"attributes":{"id":"holism-testing-instance:read-github-token","name":"read-github-token","name_prefix":"","policy":"{\"Version\":\"2012-10-17\",\"Statement\":[{\"Action\":[\"ssm:GetParameter\"],\"Effect\":\"Allow\",\"Resource\":\"arn:aws:ssm:eu-west-1:195810096194:parameter/holism/testing/github-token\"},{\"Action\":[\"kms:Decrypt\"],\"Condition\":{\"StringEquals\":{\"kms:ViaService\":\"ssm.eu-west-1.amazonaws.com\"}},\"Effect\":\"Allow\",\"Resource\":\"*\"}]}","role":"holism-testing-instance"},"sensitive_attributes":[],"private":"bnVsbA==","dependencies":["aws_iam_role.instance","data.aws_caller_identity.current"]}]},{"mode":"managed","type":"aws_iam_role_policy","name":"ses","provider":"provider[\"registry.opentofu.org/hashicorp/aws\"]","instances":[{"schema_version":0,"attributes":{"id":"holism-testing-instance:send-email","name":"send-email","name_prefix":"","policy":"{\"Version\":\"2012-10-17\",\"Statement\":[{\"Action\":[\"ses:SendEmail\",\"ses:SendRawEmail\"],\"Effect\":\"Allow\",\"Resource\":\"*\"}]}","role":"holism-testing-instance"},"sensitive_attributes":[],"private":"bnVsbA==","dependencies":["aws_iam_role.instance"]}]},{"mode":"managed","type":"aws_iam_role_policy_attachment","name":"ssm","provider":"provider[\"registry.opentofu.org/hashicorp/aws\"]","instances":[{"schema_version":0,"attributes":{"id":"holism-testing-instance-20260818065937559000000001","policy_arn":"arn:aws:iam::aws:policy/AmazonSSMManagedInstanceCore","role":"holism-testing-instance"},"sensitive_attributes":[],"private":"bnVsbA==","dependencies":["aws_iam_role.instance"]}]}],"check_results":null}
