{"version":4,"terraform_version":"1.12.3","serial":3,"lineage":"c0e6dde4-d10f-5416-55b9-b96d3aac3b9b","outputs":{"estimated_monthly_cost":{"value":{"instance":"t4g.medium","note":"t4g.medium ~$27, t4g.small ~$13, plus ~$2.60 disk and ~$3.60 for the elastic IP","when_stopped":"~$6/month — the volume and the address only"},"type":["object",{"instance":"string","note":"string","when_stopped":"string"}]},"instance_id":{"value":"i-0a55e0bceb040e9f1","type":"string"},"public_ip":{"value":"63.32.80.204","type":"string"},"shell_command":{"value":"aws ssm start-session --target i-0a55e0bceb040e9f1 --region eu-west-1","type":"string"},"urls":{"value":{"club_admin":"https://itsps.org/orgadmin","keycloak_console":"https://itsps.org/auth/admin/","member_portal":"https://itsps.org/account","metadata":"https://itsps.org/metadata","platform_admin":"https://itsps.org/admin"},"type":["object",{"club_admin":"string","keycloak_console":"string","member_portal":"string","metadata":"string","platform_admin":"string"}]}},"resources":[{"mode":"data","type":"aws_ami","name":"al2023","provider":"provider[\"registry.opentofu.org/hashicorp/aws\"]","instances":[{"schema_version":0,"attributes":{"architecture":"arm64","arn":"arn:aws:ec2:eu-west-1::image/ami-091ba0cd78e5cf932","block_device_mappings":[{"device_name":"/dev/xvda","ebs":{"delete_on_termination":"true","encrypted":"false","iops":"3000","snapshot_id":"snap-09d16bab25752fada","throughput":"125","volume_initialization_rate":"0","volume_size":"8","volume_type":"gp3"},"no_device":"","virtual_name":""}],"boot_mode":"uefi","creation_date":"2026-08-12T23:49:28.000Z","deprecation_time":"2026-11-10T23:51:00.000Z","description":"Amazon Linux 2023 AMI 2023.12.20260817.0 arm64 HVM kernel-6.12","ena_support":true,"executable_users":null,"filter":[{"name":"name","values":["al2023-ami-2023.*-arm64"]}],"hypervisor":"xen","id":"ami-091ba0cd78e5cf932","image_id":"ami-091ba0cd78e5cf932","image_location":"amazon/al2023-ami-2023.12.20260817.0-kernel-6.12-arm64","image_owner_alias":"amazon","image_type":"machine","imds_support":"v2.0","include_deprecated":false,"kernel_id":"","last_launched_time":"","most_recent":true,"name":"al2023-ami-2023.12.20260817.0-kernel-6.12-arm64","name_regex":null,"owner_id":"137112412989","owners":["amazon"],"platform":"","platform_details":"Linux/UNIX","product_codes":[],"public":true,"ramdisk_id":"","root_device_name":"/dev/xvda","root_device_type":"ebs","root_snapshot_id":"snap-09d16bab25752fada","sriov_net_support":"simple","state":"available","state_reason":{"code":"UNSET","message":"UNSET"},"tags":{},"timeouts":null,"tpm_support":"","uefi_data":null,"usage_operation":"RunInstances","virtualization_type":"hvm"},"sensitive_attributes":[]}]},{"mode":"data","type":"aws_availability_zones","name":"available","provider":"provider[\"registry.opentofu.org/hashicorp/aws\"]","instances":[{"schema_version":0,"attributes":{"all_availability_zones":null,"exclude_names":null,"exclude_zone_ids":null,"filter":null,"group_names":["eu-west-1-zg-1"],"id":"eu-west-1","names":["eu-west-1a","eu-west-1b","eu-west-1c"],"state":"available","timeouts":null,"zone_ids":["euw1-az2","euw1-az1","euw1-az3"]},"sensitive_attributes":[]}]},{"mode":"data","type":"aws_caller_identity","name":"current","provider":"provider[\"registry.opentofu.org/hashicorp/aws\"]","instances":[{"schema_version":0,"attributes":{"account_id":"195810096194","arn":"arn:aws:iam::195810096194:root","id":"195810096194","user_id":"195810096194"},"sensitive_attributes":[]}]},{"mode":"data","type":"aws_eip","name":"existing","provider":"provider[\"registry.opentofu.org/hashicorp/aws\"]","instances":[{"index_key":0,"schema_version":0,"attributes":{"arn":"arn:aws:ec2:eu-west-1:195810096194:elastic-ip/eipalloc-043267937659bb9a3","association_id":"","carrier_ip":"","customer_owned_ip":"","customer_owned_ipv4_pool":"","domain":"vpc","filter":null,"id":"eipalloc-043267937659bb9a3","instance_id":"","ipam_pool_id":null,"network_interface_id":"","network_interface_owner_id":"","private_dns":null,"private_ip":"","ptr_record":"","public_dns":"ec2-63-32-80-204.eu-west-1.compute.amazonaws.com","public_ip":"63.32.80.204","public_ipv4_pool":"amazon","tags":{"Environment":"dev","ManagedBy":"terraform","Name":"itsps.org","Project":"crm","Stack":"simple"},"timeouts":null},"sensitive_attributes":[]}]},{"mode":"managed","type":"aws_eip_association","name":"existing","provider":"provider[\"registry.opentofu.org/hashicorp/aws\"]","instances":[{"index_key":0,"schema_version":0,"attributes":{"allocation_id":"eipalloc-043267937659bb9a3","allow_reassociation":null,"id":"eipassoc-0b51ab73f2bdb9f1a","instance_id":"i-0a55e0bceb040e9f1","network_interface_id":"eni-08a7cf0d216e32e41","private_ip_address":"10.20.1.127","public_ip":"63.32.80.204"},"sensitive_attributes":[],"private":"bnVsbA==","dependencies":["aws_iam_instance_profile.instance","aws_iam_role.instance","aws_instance.main","aws_security_group.instance","aws_subnet.public","aws_vpc.main","data.aws_ami.al2023","data.aws_availability_zones.available","data.aws_eip.existing"]}]},{"mode":"managed","type":"aws_iam_instance_profile","name":"instance","provider":"provider[\"registry.opentofu.org/hashicorp/aws\"]","instances":[{"schema_version":0,"attributes":{"arn":"arn:aws:iam::195810096194:instance-profile/holism-testing-instance","create_date":"2026-08-18T06:59:37Z","id":"holism-testing-instance","name":"holism-testing-instance","name_prefix":"","path":"/","role":"holism-testing-instance","tags":{},"tags_all":{"CostCentre":"testing","Environment":"testing","ManagedBy":"opentofu","Project":"holism"},"unique_id":"AIPAS3FZQ6RBPMG6PBSXO"},"sensitive_attributes":[],"private":"bnVsbA==","dependencies":["aws_iam_role.instance"]}]},{"mode":"managed","type":"aws_iam_role","name":"instance","provider":"provider[\"registry.opentofu.org/hashicorp/aws\"]","instances":[{"schema_version":0,"attributes":{"arn":"arn:aws:iam::195810096194:role/holism-testing-instance","assume_role_policy":"{\"Statement\":[{\"Action\":\"sts:AssumeRole\",\"Effect\":\"Allow\",\"Principal\":{\"Service\":\"ec2.amazonaws.com\"}}],\"Version\":\"2012-10-17\"}","create_date":"2026-08-18T06:59:37Z","description":"","force_detach_policies":false,"id":"holism-testing-instance","inline_policy":[{"name":"read-github-token","policy":"{\"Version\":\"2012-10-17\",\"Statement\":[{\"Action\":[\"ssm:GetParameter\"],\"Effect\":\"Allow\",\"Resource\":\"arn:aws:ssm:eu-west-1:195810096194:parameter/holism/testing/github-token\"},{\"Action\":[\"kms:Decrypt\"],\"Condition\":{\"StringEquals\":{\"kms:ViaService\":\"ssm.eu-west-1.amazonaws.com\"}},\"Effect\":\"Allow\",\"Resource\":\"*\"}]}"},{"name":"send-email","policy":"{\"Version\":\"2012-10-17\",\"Statement\":[{\"Action\":[\"ses:SendEmail\",\"ses:SendRawEmail\"],\"Effect\":\"Allow\",\"Resource\":\"*\"}]}"}],"managed_policy_arns":["arn:aws:iam::aws:policy/AmazonSSMManagedInstanceCore"],"max_session_duration":3600,"name":"holism-testing-instance","name_prefix":"","path":"/","permissions_boundary":"","tags":{},"tags_all":{"CostCentre":"testing","Environment":"testing","ManagedBy":"opentofu","Project":"holism"},"unique_id":"AROAS3FZQ6RBO7UWAF7HQ"},"sensitive_attributes":[],"private":"bnVsbA=="}]},{"mode":"managed","type":"aws_iam_role_policy","name":"github_token","provider":"provider[\"registry.opentofu.org/hashicorp/aws\"]","instances":[{"index_key":0,"schema_version":0,"attributes":{"id":"holism-testing-instance:read-github-token","name":"read-github-token","name_prefix":"","policy":"{\"Version\":\"2012-10-17\",\"Statement\":[{\"Action\":[\"ssm:GetParameter\"],\"Effect\":\"Allow\",\"Resource\":\"arn:aws:ssm:eu-west-1:195810096194:parameter/holism/testing/github-token\"},{\"Action\":[\"kms:Decrypt\"],\"Condition\":{\"StringEquals\":{\"kms:ViaService\":\"ssm.eu-west-1.amazonaws.com\"}},\"Effect\":\"Allow\",\"Resource\":\"*\"}]}","role":"holism-testing-instance"},"sensitive_attributes":[],"private":"bnVsbA==","dependencies":["aws_iam_role.instance","data.aws_caller_identity.current"]}]},{"mode":"managed","type":"aws_iam_role_policy","name":"ses","provider":"provider[\"registry.opentofu.org/hashicorp/aws\"]","instances":[{"schema_version":0,"attributes":{"id":"holism-testing-instance:send-email","name":"send-email","name_prefix":"","policy":"{\"Version\":\"2012-10-17\",\"Statement\":[{\"Action\":[\"ses:SendEmail\",\"ses:SendRawEmail\"],\"Effect\":\"Allow\",\"Resource\":\"*\"}]}","role":"holism-testing-instance"},"sensitive_attributes":[],"private":"bnVsbA==","dependencies":["aws_iam_role.instance"]}]},{"mode":"managed","type":"aws_iam_role_policy_attachment","name":"ssm","provider":"provider[\"registry.opentofu.org/hashicorp/aws\"]","instances":[{"schema_version":0,"attributes":{"id":"holism-testing-instance-20260818065937559000000001","policy_arn":"arn:aws:iam::aws:policy/AmazonSSMManagedInstanceCore","role":"holism-testing-instance"},"sensitive_attributes":[],"private":"bnVsbA==","dependencies":["aws_iam_role.instance"]}]},{"mode":"managed","type":"aws_instance","name":"main","provider":"provider[\"registry.opentofu.org/hashicorp/aws\"]","instances":[{"schema_version":1,"attributes":{"ami":"ami-091ba0cd78e5cf932","arn":"arn:aws:ec2:eu-west-1:195810096194:instance/i-0a55e0bceb040e9f1","associate_public_ip_address":true,"availability_zone":"eu-west-1a","capacity_reservation_specification":[{"capacity_reservation_preference":"open","capacity_reservation_target":[]}],"cpu_core_count":2,"cpu_options":[{"amd_sev_snp":"","core_count":2,"threads_per_core":1}],"cpu_threads_per_core":1,"credit_specification":[{"cpu_credits":"unlimited"}],"disable_api_stop":false,"disable_api_termination":false,"ebs_block_device":[],"ebs_optimized":false,"enable_primary_ipv6":null,"enclave_options":[{"enabled":false}],"ephemeral_block_device":[],"get_password_data":false,"hibernation":false,"host_id":"","host_resource_group_arn":null,"iam_instance_profile":"holism-testing-instance","id":"i-0a55e0bceb040e9f1","instance_initiated_shutdown_behavior":"stop","instance_lifecycle":"","instance_market_options":[],"instance_state":"running","instance_type":"t4g.medium","ipv6_address_count":0,"ipv6_addresses":[],"key_name":"ips-ec2-server","launch_template":[],"maintenance_options":[{"auto_recovery":"default"}],"metadata_options":[{"http_endpoint":"enabled","http_protocol_ipv6":"disabled","http_put_response_hop_limit":2,"http_tokens":"required","instance_metadata_tags":"disabled"}],"monitoring":false,"network_interface":[],"outpost_arn":"","password_data":"","placement_group":"","placement_partition_number":0,"primary_network_interface_id":"eni-08a7cf0d216e32e41","private_dns":"ip-10-20-1-127.eu-west-1.compute.internal","private_dns_name_options":[{"enable_resource_name_dns_a_record":false,"enable_resource_name_dns_aaaa_record":false,"hostname_type":"ip-name"}],"private_ip":"10.20.1.127","public_dns":"ec2-52-210-17-202.eu-west-1.compute.amazonaws.com","public_ip":"52.210.17.202","root_block_device":[{"delete_on_termination":true,"device_name":"/dev/xvda","encrypted":true,"iops":3000,"kms_key_id":"arn:aws:kms:eu-west-1:195810096194:key/50cc1e57-cd62-4fe0-9c07-93f0685ca614","tags":null,"tags_all":{"CostCentre":"testing","Environment":"testing","ManagedBy":"opentofu","Project":"holism"},"throughput":125,"volume_id":"vol-019d9161c49d2e618","volume_size":30,"volume_type":"gp3"}],"secondary_private_ips":[],"security_groups":[],"source_dest_check":true,"spot_instance_request_id":"","subnet_id":"subnet-04ddd1378df49374a","tags":{"Name":"holism-testing"},"tags_all":{"CostCentre":"testing","Environment":"testing","ManagedBy":"opentofu","Name":"holism-testing","Project":"holism"},"tenancy":"default","timeouts":null,"user_data":"35211917279104be6ed1680330b3bfd264b4fdd6","user_data_base64":null,"user_data_replace_on_change":true,"volume_tags":null,"vpc_security_group_ids":["sg-07a5868e749c03031"]},"sensitive_attributes":[],"private":"eyJlMmJmYjczMC1lY2FhLTExZTYtOGY4OC0zNDM2M2JjN2M0YzAiOnsiY3JlYXRlIjo2MDAwMDAwMDAwMDAsImRlbGV0ZSI6MTIwMDAwMDAwMDAwMCwicmVhZCI6OTAwMDAwMDAwMDAwLCJ1cGRhdGUiOjYwMDAwMDAwMDAwMH0sInNjaGVtYV92ZXJzaW9uIjoiMSJ9","dependencies":["aws_iam_instance_profile.instance","aws_iam_role.instance","aws_security_group.instance","aws_subnet.public","aws_vpc.main","data.aws_ami.al2023","data.aws_availability_zones.available"]}]},{"mode":"managed","type":"aws_internet_gateway","name":"main","provider":"provider[\"registry.opentofu.org/hashicorp/aws\"]","instances":[{"schema_version":0,"attributes":{"arn":"arn:aws:ec2:eu-west-1:195810096194:internet-gateway/igw-0dd4047dd1e7dde4e","id":"igw-0dd4047dd1e7dde4e","owner_id":"195810096194","tags":{"Name":"holism-testing"},"tags_all":{"CostCentre":"testing","Environment":"testing","ManagedBy":"opentofu","Name":"holism-testing","Project":"holism"},"timeouts":null,"vpc_id":"vpc-08cfe2b7d1b700013"},"sensitive_attributes":[],"private":"eyJlMmJmYjczMC1lY2FhLTExZTYtOGY4OC0zNDM2M2JjN2M0YzAiOnsiY3JlYXRlIjoxMjAwMDAwMDAwMDAwLCJkZWxldGUiOjEyMDAwMDAwMDAwMDAsInVwZGF0ZSI6MTIwMDAwMDAwMDAwMH19","dependencies":["aws_vpc.main"]}]},{"mode":"managed","type":"aws_route_table","name":"public","provider":"provider[\"registry.opentofu.org/hashicorp/aws\"]","instances":[{"schema_version":0,"attributes":{"arn":"arn:aws:ec2:eu-west-1:195810096194:route-table/rtb-044fd54e75f3a6c51","id":"rtb-044fd54e75f3a6c51","owner_id":"195810096194","propagating_vgws":[],"route":[{"carrier_gateway_id":"","cidr_block":"0.0.0.0/0","core_network_arn":"","destination_prefix_list_id":"","egress_only_gateway_id":"","gateway_id":"igw-0dd4047dd1e7dde4e","ipv6_cidr_block":"","local_gateway_id":"","nat_gateway_id":"","network_interface_id":"","transit_gateway_id":"","vpc_endpoint_id":"","vpc_peering_connection_id":""}],"tags":{"Name":"holism-testing-public"},"tags_all":{"CostCentre":"testing","Environment":"testing","ManagedBy":"opentofu","Name":"holism-testing-public","Project":"holism"},"timeouts":null,"vpc_id":"vpc-08cfe2b7d1b700013"},"sensitive_attributes":[],"private":"eyJlMmJmYjczMC1lY2FhLTExZTYtOGY4OC0zNDM2M2JjN2M0YzAiOnsiY3JlYXRlIjozMDAwMDAwMDAwMDAsImRlbGV0ZSI6MzAwMDAwMDAwMDAwLCJ1cGRhdGUiOjEyMDAwMDAwMDAwMH19","dependencies":["aws_internet_gateway.main","aws_vpc.main"]}]},{"mode":"managed","type":"aws_route_table_association","name":"public","provider":"provider[\"registry.opentofu.org/hashicorp/aws\"]","instances":[{"schema_version":0,"attributes":{"gateway_id":"","id":"rtbassoc-0b53eb94c90cd51e5","route_table_id":"rtb-044fd54e75f3a6c51","subnet_id":"subnet-04ddd1378df49374a","timeouts":null},"sensitive_attributes":[],"private":"eyJlMmJmYjczMC1lY2FhLTExZTYtOGY4OC0zNDM2M2JjN2M0YzAiOnsiY3JlYXRlIjozMDAwMDAwMDAwMDAsImRlbGV0ZSI6MzAwMDAwMDAwMDAwLCJ1cGRhdGUiOjEyMDAwMDAwMDAwMH19","dependencies":["aws_internet_gateway.main","aws_route_table.public","aws_subnet.public","aws_vpc.main","data.aws_availability_zones.available"]}]},{"mode":"managed","type":"aws_security_group","name":"instance","provider":"provider[\"registry.opentofu.org/hashicorp/aws\"]","instances":[{"schema_version":1,"attributes":{"arn":"arn:aws:ec2:eu-west-1:195810096194:security-group/sg-07a5868e749c03031","description":"Single-instance test deployment","egress":[{"cidr_blocks":["0.0.0.0/0"],"description":"All outbound: pulls images, sends mail, reaches Stripe","from_port":0,"ipv6_cidr_blocks":[],"prefix_list_ids":[],"protocol":"-1","security_groups":[],"self":false,"to_port":0}],"id":"sg-07a5868e749c03031","ingress":[{"cidr_blocks":["0.0.0.0/0"],"description":"HTTP","from_port":80,"ipv6_cidr_blocks":[],"prefix_list_ids":[],"protocol":"tcp","security_groups":[],"self":false,"to_port":80},{"cidr_blocks":["0.0.0.0/0"],"description":"HTTPS","from_port":443,"ipv6_cidr_blocks":[],"prefix_list_ids":[],"protocol":"tcp","security_groups":[],"self":false,"to_port":443},{"cidr_blocks":["203.0.113.5/32"],"description":"SSH","from_port":22,"ipv6_cidr_blocks":[],"prefix_list_ids":[],"protocol":"tcp","security_groups":[],"self":false,"to_port":22}],"name":"holism-testing","name_prefix":"","owner_id":"195810096194","revoke_rules_on_delete":false,"tags":{"Name":"holism-testing"},"tags_all":{"CostCentre":"testing","Environment":"testing","ManagedBy":"opentofu","Name":"holism-testing","Project":"holism"},"timeouts":null,"vpc_id":"vpc-08cfe2b7d1b700013"},"sensitive_attributes":[],"private":"eyJlMmJmYjczMC1lY2FhLTExZTYtOGY4OC0zNDM2M2JjN2M0YzAiOnsiY3JlYXRlIjo2MDAwMDAwMDAwMDAsImRlbGV0ZSI6OTAwMDAwMDAwMDAwfSwic2NoZW1hX3ZlcnNpb24iOiIxIn0=","dependencies":["aws_vpc.main"]}]},{"mode":"managed","type":"aws_subnet","name":"public","provider":"provider[\"registry.opentofu.org/hashicorp/aws\"]","instances":[{"schema_version":1,"attributes":{"arn":"arn:aws:ec2:eu-west-1:195810096194:subnet/subnet-04ddd1378df49374a","assign_ipv6_address_on_creation":false,"availability_zone":"eu-west-1a","availability_zone_id":"euw1-az2","cidr_block":"10.20.1.0/24","customer_owned_ipv4_pool":"","enable_dns64":false,"enable_lni_at_device_index":0,"enable_resource_name_dns_a_record_on_launch":false,"enable_resource_name_dns_aaaa_record_on_launch":false,"id":"subnet-04ddd1378df49374a","ipv6_cidr_block":"","ipv6_cidr_block_association_id":"","ipv6_native":false,"map_customer_owned_ip_on_launch":false,"map_public_ip_on_launch":true,"outpost_arn":"","owner_id":"195810096194","private_dns_hostname_type_on_launch":"ip-name","tags":{"Name":"holism-testing-public"},"tags_all":{"CostCentre":"testing","Environment":"testing","ManagedBy":"opentofu","Name":"holism-testing-public","Project":"holism"},"timeouts":null,"vpc_id":"vpc-08cfe2b7d1b700013"},"sensitive_attributes":[],"private":"eyJlMmJmYjczMC1lY2FhLTExZTYtOGY4OC0zNDM2M2JjN2M0YzAiOnsiY3JlYXRlIjo2MDAwMDAwMDAwMDAsImRlbGV0ZSI6MTIwMDAwMDAwMDAwMH0sInNjaGVtYV92ZXJzaW9uIjoiMSJ9","dependencies":["aws_vpc.main","data.aws_availability_zones.available"]}]},{"mode":"managed","type":"aws_vpc","name":"main","provider":"provider[\"registry.opentofu.org/hashicorp/aws\"]","instances":[{"schema_version":1,"attributes":{"arn":"arn:aws:ec2:eu-west-1:195810096194:vpc/vpc-08cfe2b7d1b700013","assign_generated_ipv6_cidr_block":false,"cidr_block":"10.20.0.0/16","default_network_acl_id":"acl-0fb5472c15ca22820","default_route_table_id":"rtb-0be9617a867abd056","default_security_group_id":"sg-0fb8d77b90256dc7c","dhcp_options_id":"dopt-e7f02082","enable_dns_hostnames":true,"enable_dns_support":true,"enable_network_address_usage_metrics":false,"id":"vpc-08cfe2b7d1b700013","instance_tenancy":"default","ipv4_ipam_pool_id":null,"ipv4_netmask_length":null,"ipv6_association_id":"","ipv6_cidr_block":"","ipv6_cidr_block_network_border_group":"","ipv6_ipam_pool_id":"","ipv6_netmask_length":0,"main_route_table_id":"rtb-0be9617a867abd056","owner_id":"195810096194","tags":{"Name":"holism-testing"},"tags_all":{"CostCentre":"testing","Environment":"testing","ManagedBy":"opentofu","Name":"holism-testing","Project":"holism"}},"sensitive_attributes":[],"private":"eyJzY2hlbWFfdmVyc2lvbiI6IjEifQ=="}]}],"check_results":null}
